
Microsoft Visual Studio Solution File, Format Version 12.00
# Visual Studio Version 17
VisualStudioVersion = 17.4.33213.308
MinimumVisualStudioVersion = 10.0.40219.1
Project("{9A19103F-16F7-4668-BE54-9A1E7A4F7556}") = "hardware-store-api", "hardware-store-api\hardware-store-api.csproj", "{2B0E61C7-F429-41C3-B833-E55EB8031462}"
EndProject
Global
	GlobalSection(SolutionConfigurationPlatforms) = preSolution
		Debug|Any CPU = Debug|Any CPU
		Release|Any CPU = Release|Any CPU
	EndGlobalSection
	GlobalSection(ProjectConfigurationPlatforms) = postSolution
		{2B0E61C7-F429-41C3-B833-E55EB8031462}.Debug|Any CPU.ActiveCfg = Debug|Any CPU
		{2B0E61C7-F429-41C3-B833-E55EB8031462}.Debug|Any CPU.Build.0 = Debug|Any CPU
		{2B0E61C7-F429-41C3-B833-E55EB8031462}.Release|Any CPU.ActiveCfg = Release|Any CPU
		{2B0E61C7-F429-41C3-B833-E55EB8031462}.Release|Any CPU.Build.0 = Release|Any CPU
	EndGlobalSection
	GlobalSection(SolutionProperties) = preSolution
		HideSolutionNode = FALSE
	EndGlobalSection
	GlobalSection(ExtensibilityGlobals) = postSolution
		SolutionGuid = {58277CB4-E379-4E32-8056-83E6F1D3C1FD}
	EndGlobalSection
EndGlobal
